
Microsoft Visual Studio Solution File, Format Version 12.00
# Visual Studio Version 16
VisualStudioVersion = 16.0.31005.135
MinimumVisualStudioVersion = 10.0.40219.1
Project("{FAE04EC0-301F-11D3-BF4B-00C04F79EFBC}") = "StudioLegaleDevito.Web", "StudioLegaleDevito.Web\StudioLegaleDevito.Web.csproj", "{A5F8EDBA-87B5-4812-A652-47F62A4E4A71}"
EndProject
Global
	GlobalSection(SolutionConfigurationPlatforms) = preSolution
		Debug|Any CPU = Debug|Any CPU
		Release|Any CPU = Release|Any CPU
	EndGlobalSection
	GlobalSection(ProjectConfigurationPlatforms) = postSolution
		{A5F8EDBA-87B5-4812-A652-47F62A4E4A71}.Debug|Any CPU.ActiveCfg = Debug|Any CPU
		{A5F8EDBA-87B5-4812-A652-47F62A4E4A71}.Debug|Any CPU.Build.0 = Debug|Any CPU
		{A5F8EDBA-87B5-4812-A652-47F62A4E4A71}.Release|Any CPU.ActiveCfg = Release|Any CPU
		{A5F8EDBA-87B5-4812-A652-47F62A4E4A71}.Release|Any CPU.Build.0 = Release|Any CPU
	EndGlobalSection
	GlobalSection(SolutionProperties) = preSolution
		HideSolutionNode = FALSE
	EndGlobalSection
	GlobalSection(ExtensibilityGlobals) = postSolution
		SolutionGuid = {910448DE-4F8D-4301-BB80-F0207A6BB554}
	EndGlobalSection
EndGlobal
